
Microsoft Visual Studio Solution File, Format Version 12.00
# Visual Studio Version 16
VisualStudioVersion = 16.0.28407.52
MinimumVisualStudioVersion = 10.0.40219.1
Project("{9A19103F-16F7-4668-BE54-9A1E7A4F7556}") = "GameCore", "GameControl\GameCore.csproj", "{819E2DD9-07F3-418C-87A3-758C6853E213}"
EndProject
Project("{9A19103F-16F7-4668-BE54-9A1E7A4F7556}") = "GameServer", "GameServer\GameServer.csproj", "{4C87AB44-61D6-4353-83E9-CDD7BA568418}"
EndProject
Project("{FAE04EC0-301F-11D3-BF4B-00C04F79EFBC}") = "WindowsTest", "WindowsTest\WindowsTest.csproj", "{63877F63-92B6-4119-979B-70E5980DB077}"
EndProject
Project("{9A19103F-16F7-4668-BE54-9A1E7A4F7556}") = "gtk_test", "gtk_test\gtk_test.csproj", "{0ABD5D08-1051-4853-98CF-5FB504D8359C}"
EndProject
Project("{9A19103F-16F7-4668-BE54-9A1E7A4F7556}") = "EmptyTest", "EmptyTest\EmptyTest.csproj", "{8C2726CD-70BD-45E6-B04B-8A1B29EC2B03}"
EndProject
Global
	GlobalSection(SolutionConfigurationPlatforms) = preSolution
		Debug|Any CPU = Debug|Any CPU
		Release|Any CPU = Release|Any CPU
	EndGlobalSection
	GlobalSection(ProjectConfigurationPlatforms) = postSolution
		{819E2DD9-07F3-418C-87A3-758C6853E213}.Debug|Any CPU.ActiveCfg = Debug|Any CPU
		{819E2DD9-07F3-418C-87A3-758C6853E213}.Debug|Any CPU.Build.0 = Debug|Any CPU
		{819E2DD9-07F3-418C-87A3-758C6853E213}.Release|Any CPU.ActiveCfg = Release|Any CPU
		{819E2DD9-07F3-418C-87A3-758C6853E213}.Release|Any CPU.Build.0 = Release|Any CPU
		{4C87AB44-61D6-4353-83E9-CDD7BA568418}.Debug|Any CPU.ActiveCfg = Debug|Any CPU
		{4C87AB44-61D6-4353-83E9-CDD7BA568418}.Debug|Any CPU.Build.0 = Debug|Any CPU
		{4C87AB44-61D6-4353-83E9-CDD7BA568418}.Release|Any CPU.ActiveCfg = Release|Any CPU
		{4C87AB44-61D6-4353-83E9-CDD7BA568418}.Release|Any CPU.Build.0 = Release|Any CPU
		{63877F63-92B6-4119-979B-70E5980DB077}.Debug|Any CPU.ActiveCfg = Debug|Any CPU
		{63877F63-92B6-4119-979B-70E5980DB077}.Debug|Any CPU.Build.0 = Debug|Any CPU
		{63877F63-92B6-4119-979B-70E5980DB077}.Release|Any CPU.ActiveCfg = Release|Any CPU
		{63877F63-92B6-4119-979B-70E5980DB077}.Release|Any CPU.Build.0 = Release|Any CPU
		{0ABD5D08-1051-4853-98CF-5FB504D8359C}.Debug|Any CPU.ActiveCfg = Debug|Any CPU
		{0ABD5D08-1051-4853-98CF-5FB504D8359C}.Debug|Any CPU.Build.0 = Debug|Any CPU
		{0ABD5D08-1051-4853-98CF-5FB504D8359C}.Release|Any CPU.ActiveCfg = Release|Any CPU
		{0ABD5D08-1051-4853-98CF-5FB504D8359C}.Release|Any CPU.Build.0 = Release|Any CPU
		{8C2726CD-70BD-45E6-B04B-8A1B29EC2B03}.Debug|Any CPU.ActiveCfg = Debug|Any CPU
		{8C2726CD-70BD-45E6-B04B-8A1B29EC2B03}.Debug|Any CPU.Build.0 = Debug|Any CPU
		{8C2726CD-70BD-45E6-B04B-8A1B29EC2B03}.Release|Any CPU.ActiveCfg = Release|Any CPU
		{8C2726CD-70BD-45E6-B04B-8A1B29EC2B03}.Release|Any CPU.Build.0 = Release|Any CPU
	EndGlobalSection
	GlobalSection(SolutionProperties) = preSolution
		HideSolutionNode = FALSE
	EndGlobalSection
	GlobalSection(ExtensibilityGlobals) = postSolution
		SolutionGuid = {A4EFE036-E6B1-41F5-9E92-805AB55FDA9F}
	EndGlobalSection
EndGlobal
