
Microsoft Visual Studio Solution File, Format Version 12.00
# Visual Studio Version 16
VisualStudioVersion = 16.0.28407.52
MinimumVisualStudioVersion = 10.0.40219.1
Project("{FAE04EC0-301F-11D3-BF4B-00C04F79EFBC}") = "IKSIS_GAME_WF", "IKSIS_GAME_WF\IKSIS_GAME_WF.csproj", "{F8C9EA8C-CA5C-4E6B-BBB3-4CFB57910E9E}"
EndProject
Project("{9A19103F-16F7-4668-BE54-9A1E7A4F7556}") = "GameCore", "GameControl\GameCore.csproj", "{819E2DD9-07F3-418C-87A3-758C6853E213}"
EndProject
Project("{9A19103F-16F7-4668-BE54-9A1E7A4F7556}") = "GameServer", "GameServer\GameServer.csproj", "{4C87AB44-61D6-4353-83E9-CDD7BA568418}"
EndProject
Project("{FAE04EC0-301F-11D3-BF4B-00C04F79EFBC}") = "WindowsTest", "WindowsTest\WindowsTest.csproj", "{63877F63-92B6-4119-979B-70E5980DB077}"
EndProject
Project("{FAE04EC0-301F-11D3-BF4B-00C04F79EFBC}") = "GLFW_TEST", "GLFW\GLFW_TEST.csproj", "{03BE2F93-E7F5-4C71-A3D2-1FA52E48AB8E}"
EndProject
Project("{FAE04EC0-301F-11D3-BF4B-00C04F79EFBC}") = "SkiaSharpControls", "SkiaSharpControls\SkiaSharpControls.csproj", "{B76FBA8A-6FB0-4D36-AF10-A6829748D0CF}"
EndProject
Project("{9A19103F-16F7-4668-BE54-9A1E7A4F7556}") = "gtk_test", "gtk_test\gtk_test.csproj", "{0ABD5D08-1051-4853-98CF-5FB504D8359C}"
EndProject
Project("{9A19103F-16F7-4668-BE54-9A1E7A4F7556}") = "ClassLibrary1", "ClassLibrary1\ClassLibrary1.csproj", "{3ADEC022-9B19-499E-B136-A1384D9492EE}"
EndProject
Project("{9A19103F-16F7-4668-BE54-9A1E7A4F7556}") = "StreamTest", "StreamTest\StreamTest.csproj", "{B6A05F2C-20CC-4F5A-9C8E-C2AB6026BC65}"
EndProject
Project("{9A19103F-16F7-4668-BE54-9A1E7A4F7556}") = "NotifyTest", "NotifyTest\NotifyTest.csproj", "{CDA5B0B5-6B64-4E17-B15B-70A50863CD8A}"
EndProject
Project("{FAE04EC0-301F-11D3-BF4B-00C04F79EFBC}") = "Reactive", "Reactive\Reactive.csproj", "{0D3F67E6-0807-476F-8EBB-C0EE17092933}"
EndProject
Project("{9A19103F-16F7-4668-BE54-9A1E7A4F7556}") = "EmptyTest", "C:\Users\Home\source\repos\NodeTest\EmptyTest\EmptyTest.csproj", "{8C2726CD-70BD-45E6-B04B-8A1B29EC2B03}"
EndProject
Global
	GlobalSection(SolutionConfigurationPlatforms) = preSolution
		Debug|Any CPU = Debug|Any CPU
		Release|Any CPU = Release|Any CPU
	EndGlobalSection
	GlobalSection(ProjectConfigurationPlatforms) = postSolution
		{F8C9EA8C-CA5C-4E6B-BBB3-4CFB57910E9E}.Debug|Any CPU.ActiveCfg = Debug|Any CPU
		{F8C9EA8C-CA5C-4E6B-BBB3-4CFB57910E9E}.Debug|Any CPU.Build.0 = Debug|Any CPU
		{F8C9EA8C-CA5C-4E6B-BBB3-4CFB57910E9E}.Release|Any CPU.ActiveCfg = Release|Any CPU
		{F8C9EA8C-CA5C-4E6B-BBB3-4CFB57910E9E}.Release|Any CPU.Build.0 = Release|Any CPU
		{819E2DD9-07F3-418C-87A3-758C6853E213}.Debug|Any CPU.ActiveCfg = Debug|Any CPU
		{819E2DD9-07F3-418C-87A3-758C6853E213}.Debug|Any CPU.Build.0 = Debug|Any CPU
		{819E2DD9-07F3-418C-87A3-758C6853E213}.Release|Any CPU.ActiveCfg = Release|Any CPU
		{819E2DD9-07F3-418C-87A3-758C6853E213}.Release|Any CPU.Build.0 = Release|Any CPU
		{4C87AB44-61D6-4353-83E9-CDD7BA568418}.Debug|Any CPU.ActiveCfg = Debug|Any CPU
		{4C87AB44-61D6-4353-83E9-CDD7BA568418}.Debug|Any CPU.Build.0 = Debug|Any CPU
		{4C87AB44-61D6-4353-83E9-CDD7BA568418}.Release|Any CPU.ActiveCfg = Release|Any CPU
		{4C87AB44-61D6-4353-83E9-CDD7BA568418}.Release|Any CPU.Build.0 = Release|Any CPU
		{63877F63-92B6-4119-979B-70E5980DB077}.Debug|Any CPU.ActiveCfg = Debug|Any CPU
		{63877F63-92B6-4119-979B-70E5980DB077}.Debug|Any CPU.Build.0 = Debug|Any CPU
		{63877F63-92B6-4119-979B-70E5980DB077}.Release|Any CPU.ActiveCfg = Release|Any CPU
		{63877F63-92B6-4119-979B-70E5980DB077}.Release|Any CPU.Build.0 = Release|Any CPU
		{03BE2F93-E7F5-4C71-A3D2-1FA52E48AB8E}.Debug|Any CPU.ActiveCfg = Debug|Any CPU
		{03BE2F93-E7F5-4C71-A3D2-1FA52E48AB8E}.Debug|Any CPU.Build.0 = Debug|Any CPU
		{03BE2F93-E7F5-4C71-A3D2-1FA52E48AB8E}.Release|Any CPU.ActiveCfg = Release|Any CPU
		{03BE2F93-E7F5-4C71-A3D2-1FA52E48AB8E}.Release|Any CPU.Build.0 = Release|Any CPU
		{B76FBA8A-6FB0-4D36-AF10-A6829748D0CF}.Debug|Any CPU.ActiveCfg = Debug|Any CPU
		{B76FBA8A-6FB0-4D36-AF10-A6829748D0CF}.Debug|Any CPU.Build.0 = Debug|Any CPU
		{B76FBA8A-6FB0-4D36-AF10-A6829748D0CF}.Release|Any CPU.ActiveCfg = Release|Any CPU
		{B76FBA8A-6FB0-4D36-AF10-A6829748D0CF}.Release|Any CPU.Build.0 = Release|Any CPU
		{0ABD5D08-1051-4853-98CF-5FB504D8359C}.Debug|Any CPU.ActiveCfg = Debug|Any CPU
		{0ABD5D08-1051-4853-98CF-5FB504D8359C}.Debug|Any CPU.Build.0 = Debug|Any CPU
		{0ABD5D08-1051-4853-98CF-5FB504D8359C}.Release|Any CPU.ActiveCfg = Release|Any CPU
		{0ABD5D08-1051-4853-98CF-5FB504D8359C}.Release|Any CPU.Build.0 = Release|Any CPU
		{3ADEC022-9B19-499E-B136-A1384D9492EE}.Debug|Any CPU.ActiveCfg = Debug|Any CPU
		{3ADEC022-9B19-499E-B136-A1384D9492EE}.Debug|Any CPU.Build.0 = Debug|Any CPU
		{3ADEC022-9B19-499E-B136-A1384D9492EE}.Release|Any CPU.ActiveCfg = Release|Any CPU
		{3ADEC022-9B19-499E-B136-A1384D9492EE}.Release|Any CPU.Build.0 = Release|Any CPU
		{B6A05F2C-20CC-4F5A-9C8E-C2AB6026BC65}.Debug|Any CPU.ActiveCfg = Debug|Any CPU
		{B6A05F2C-20CC-4F5A-9C8E-C2AB6026BC65}.Debug|Any CPU.Build.0 = Debug|Any CPU
		{B6A05F2C-20CC-4F5A-9C8E-C2AB6026BC65}.Release|Any CPU.ActiveCfg = Release|Any CPU
		{B6A05F2C-20CC-4F5A-9C8E-C2AB6026BC65}.Release|Any CPU.Build.0 = Release|Any CPU
		{CDA5B0B5-6B64-4E17-B15B-70A50863CD8A}.Debug|Any CPU.ActiveCfg = Debug|Any CPU
		{CDA5B0B5-6B64-4E17-B15B-70A50863CD8A}.Debug|Any CPU.Build.0 = Debug|Any CPU
		{CDA5B0B5-6B64-4E17-B15B-70A50863CD8A}.Release|Any CPU.ActiveCfg = Release|Any CPU
		{CDA5B0B5-6B64-4E17-B15B-70A50863CD8A}.Release|Any CPU.Build.0 = Release|Any CPU
		{0D3F67E6-0807-476F-8EBB-C0EE17092933}.Debug|Any CPU.ActiveCfg = Debug|Any CPU
		{0D3F67E6-0807-476F-8EBB-C0EE17092933}.Debug|Any CPU.Build.0 = Debug|Any CPU
		{0D3F67E6-0807-476F-8EBB-C0EE17092933}.Release|Any CPU.ActiveCfg = Release|Any CPU
		{0D3F67E6-0807-476F-8EBB-C0EE17092933}.Release|Any CPU.Build.0 = Release|Any CPU
		{8C2726CD-70BD-45E6-B04B-8A1B29EC2B03}.Debug|Any CPU.ActiveCfg = Debug|Any CPU
		{8C2726CD-70BD-45E6-B04B-8A1B29EC2B03}.Debug|Any CPU.Build.0 = Debug|Any CPU
		{8C2726CD-70BD-45E6-B04B-8A1B29EC2B03}.Release|Any CPU.ActiveCfg = Release|Any CPU
		{8C2726CD-70BD-45E6-B04B-8A1B29EC2B03}.Release|Any CPU.Build.0 = Release|Any CPU
	EndGlobalSection
	GlobalSection(SolutionProperties) = preSolution
		HideSolutionNode = FALSE
	EndGlobalSection
	GlobalSection(ExtensibilityGlobals) = postSolution
		SolutionGuid = {A4EFE036-E6B1-41F5-9E92-805AB55FDA9F}
	EndGlobalSection
EndGlobal
